
Microsoft Visual Studio Solution File, Format Version 12.00
Project("{FAE04EC0-301F-11D3-BF4B-00C04F79EFBC}") = "DBEntityFramework", "DBEntityFramework\DBEntityFramework.csproj", "{15463E69-C724-489D-B6F8-33D15B398BED}"
EndProject
Global
	GlobalSection(SolutionConfigurationPlatforms) = preSolution
		Debug|Any CPU = Debug|Any CPU
		Release|Any CPU = Release|Any CPU
	EndGlobalSection
	GlobalSection(ProjectConfigurationPlatforms) = postSolution
		{15463E69-C724-489D-B6F8-33D15B398BED}.Debug|Any CPU.ActiveCfg = Debug|Any CPU
		{15463E69-C724-489D-B6F8-33D15B398BED}.Debug|Any CPU.Build.0 = Debug|Any CPU
		{15463E69-C724-489D-B6F8-33D15B398BED}.Release|Any CPU.ActiveCfg = Release|Any CPU
		{15463E69-C724-489D-B6F8-33D15B398BED}.Release|Any CPU.Build.0 = Release|Any CPU
	EndGlobalSection
EndGlobal
